{
  "name": "one-line-js-code-draw-a-heart",
  "version": "1.0.0",
  "lockfileVersion": 1,
  "requires": true,
  "dependencies": {
    "readline-sync": {
      "version": "1.4.10",
      "resolved": "http://npm.tool.wezhuiyi.com/readline-sync/-/readline-sync-1.4.10.tgz",
      "integrity": "sha1-Qd9/u0tjEtZzARWUFFcFv1bYhzs="
    }
  }
}
